
Microsoft Visual Studio Solution File, Format Version 12.00
# Visual Studio Version 16
VisualStudioVersion = 16.0.30523.141
MinimumVisualStudioVersion = 10.0.40219.1
Project("{FAE04EC0-301F-11D3-BF4B-00C04F79EFBC}") = "Dzxt", "Dzxt\Dzxt.csproj", "{EA0560E4-9320-4305-B18A-D5AC6BD92B62}"
EndProject
Project("{54435603-DBB4-11D2-8724-00A0C9A8B90C}") = "SetupDzxt", "SetupDzxt\SetupDzxt.vdproj", "{3B732EDB-76FC-4542-B2B9-6BD13746DCA8}"
EndProject
Global
	GlobalSection(SolutionConfigurationPlatforms) = preSolution
		Debug|Any CPU = Debug|Any CPU
		Release|Any CPU = Release|Any CPU
	EndGlobalSection
	GlobalSection(ProjectConfigurationPlatforms) = postSolution
		{EA0560E4-9320-4305-B18A-D5AC6BD92B62}.Debug|Any CPU.ActiveCfg = Debug|Any CPU
		{EA0560E4-9320-4305-B18A-D5AC6BD92B62}.Debug|Any CPU.Build.0 = Debug|Any CPU
		{EA0560E4-9320-4305-B18A-D5AC6BD92B62}.Release|Any CPU.ActiveCfg = Release|Any CPU
		{EA0560E4-9320-4305-B18A-D5AC6BD92B62}.Release|Any CPU.Build.0 = Release|Any CPU
		{3B732EDB-76FC-4542-B2B9-6BD13746DCA8}.Debug|Any CPU.ActiveCfg = Debug
		{3B732EDB-76FC-4542-B2B9-6BD13746DCA8}.Release|Any CPU.ActiveCfg = Release
	EndGlobalSection
	GlobalSection(SolutionProperties) = preSolution
		HideSolutionNode = FALSE
	EndGlobalSection
	GlobalSection(ExtensibilityGlobals) = postSolution
		SolutionGuid = {26C421F7-FECF-474E-9D3A-7EF6F6BA1024}
	EndGlobalSection
EndGlobal
